
Microsoft Visual Studio Solution File, Format Version 12.00
# Visual Studio Version 17
VisualStudioVersion = 17.8.34525.116
MinimumVisualStudioVersion = 10.0.40219.1
Project("{FAE04EC0-301F-11D3-BF4B-00C04F79EFBC}") = "TechProg5_5a", "TechProg5_5a.csproj", "{15E24C37-F6CE-4B2B-8E7C-131769E1E3AB}"
EndProject
Global
	GlobalSection(SolutionConfigurationPlatforms) = preSolution
		Debug|Any CPU = Debug|Any CPU
		Release|Any CPU = Release|Any CPU
	EndGlobalSection
	GlobalSection(ProjectConfigurationPlatforms) = postSolution
		{15E24C37-F6CE-4B2B-8E7C-131769E1E3AB}.Debug|Any CPU.ActiveCfg = Debug|Any CPU
		{15E24C37-F6CE-4B2B-8E7C-131769E1E3AB}.Debug|Any CPU.Build.0 = Debug|Any CPU
		{15E24C37-F6CE-4B2B-8E7C-131769E1E3AB}.Release|Any CPU.ActiveCfg = Release|Any CPU
		{15E24C37-F6CE-4B2B-8E7C-131769E1E3AB}.Release|Any CPU.Build.0 = Release|Any CPU
	EndGlobalSection
	GlobalSection(SolutionProperties) = preSolution
		HideSolutionNode = FALSE
	EndGlobalSection
	GlobalSection(ExtensibilityGlobals) = postSolution
		SolutionGuid = {0FCD16E5-A9E9-4917-AE4B-53D7B9541F66}
	EndGlobalSection
EndGlobal
